
Microsoft Visual Studio Solution File, Format Version 12.00
# Visual Studio Version 17
VisualStudioVersion = 17.11.35303.130
MinimumVisualStudioVersion = 10.0.40219.1
Project("{FAE04EC0-301F-11D3-BF4B-00C04F79EFBC}") = "MVCUserCrud", "MVCUserCrud\MVCUserCrud.csproj", "{AF496D94-A37B-4CDF-A53A-DE5501CF45F9}"
EndProject
Global
	GlobalSection(SolutionConfigurationPlatforms) = preSolution
		Debug|Any CPU = Debug|Any CPU
		Release|Any CPU = Release|Any CPU
	EndGlobalSection
	GlobalSection(ProjectConfigurationPlatforms) = postSolution
		{AF496D94-A37B-4CDF-A53A-DE5501CF45F9}.Debug|Any CPU.ActiveCfg = Debug|Any CPU
		{AF496D94-A37B-4CDF-A53A-DE5501CF45F9}.Debug|Any CPU.Build.0 = Debug|Any CPU
		{AF496D94-A37B-4CDF-A53A-DE5501CF45F9}.Release|Any CPU.ActiveCfg = Release|Any CPU
		{AF496D94-A37B-4CDF-A53A-DE5501CF45F9}.Release|Any CPU.Build.0 = Release|Any CPU
	EndGlobalSection
	GlobalSection(SolutionProperties) = preSolution
		HideSolutionNode = FALSE
	EndGlobalSection
	GlobalSection(ExtensibilityGlobals) = postSolution
		SolutionGuid = {E0BF2000-0B7C-4F42-899E-F3BC3BE1B554}
	EndGlobalSection
EndGlobal
